
Microsoft Visual Studio Solution File, Format Version 12.00
# Visual Studio Version 17
VisualStudioVersion = 17.1.32407.343
MinimumVisualStudioVersion = 10.0.40219.1
Project("{FAE04EC0-301F-11D3-BF4B-00C04F79EFBC}") = "CsharpCollection", "CsharpCollection\CsharpCollection.csproj", "{310E21F9-E7D8-4C50-9981-123A02F603CD}"
EndProject
Global
	GlobalSection(SolutionConfigurationPlatforms) = preSolution
		Debug|Any CPU = Debug|Any CPU
		Release|Any CPU = Release|Any CPU
	EndGlobalSection
	GlobalSection(ProjectConfigurationPlatforms) = postSolution
		{310E21F9-E7D8-4C50-9981-123A02F603CD}.Debug|Any CPU.ActiveCfg = Debug|Any CPU
		{310E21F9-E7D8-4C50-9981-123A02F603CD}.Debug|Any CPU.Build.0 = Debug|Any CPU
		{310E21F9-E7D8-4C50-9981-123A02F603CD}.Release|Any CPU.ActiveCfg = Release|Any CPU
		{310E21F9-E7D8-4C50-9981-123A02F603CD}.Release|Any CPU.Build.0 = Release|Any CPU
	EndGlobalSection
	GlobalSection(SolutionProperties) = preSolution
		HideSolutionNode = FALSE
	EndGlobalSection
	GlobalSection(ExtensibilityGlobals) = postSolution
		SolutionGuid = {26E2E039-5561-45BA-AEA6-E72C7BB6578F}
	EndGlobalSection
EndGlobal
